
Microsoft Visual Studio Solution File, Format Version 12.00
# Visual Studio Version 17
VisualStudioVersion = 17.0.31903.59
MinimumVisualStudioVersion = 10.0.40219.1
Project("{2150E333-8FDC-42A3-9474-1A3956D46DE8}") = "src", "src", "{D5812421-1F8E-4F8F-AE43-8CB794CA8F06}"
EndProject
Project("{FAE04EC0-301F-11D3-BF4B-00C04F79EFBC}") = "PdfMergeTool", "src\PdfMergeTool\PdfMergeTool.csproj", "{4EA6BB23-9699-469A-B36E-9A4DBE7A3BE7}"
EndProject
Global
	GlobalSection(SolutionConfigurationPlatforms) = preSolution
		Debug|Any CPU = Debug|Any CPU
		Release|Any CPU = Release|Any CPU
	EndGlobalSection
	GlobalSection(SolutionProperties) = preSolution
		HideSolutionNode = FALSE
	EndGlobalSection
	GlobalSection(ProjectConfigurationPlatforms) = postSolution
		{4EA6BB23-9699-469A-B36E-9A4DBE7A3BE7}.Debug|Any CPU.ActiveCfg = Debug|Any CPU
		{4EA6BB23-9699-469A-B36E-9A4DBE7A3BE7}.Debug|Any CPU.Build.0 = Debug|Any CPU
		{4EA6BB23-9699-469A-B36E-9A4DBE7A3BE7}.Release|Any CPU.ActiveCfg = Release|Any CPU
		{4EA6BB23-9699-469A-B36E-9A4DBE7A3BE7}.Release|Any CPU.Build.0 = Release|Any CPU
	EndGlobalSection
	GlobalSection(NestedProjects) = preSolution
		{4EA6BB23-9699-469A-B36E-9A4DBE7A3BE7} = {D5812421-1F8E-4F8F-AE43-8CB794CA8F06}
	EndGlobalSection
EndGlobal
